
Microsoft Visual Studio Solution File, Format Version 12.00
# Visual Studio 15
VisualStudioVersion = 15.0.28307.757
MinimumVisualStudioVersion = 10.0.40219.1
Project("{FAE04EC0-301F-11D3-BF4B-00C04F79EFBC}") = "TutorLog", "TutorLog\TutorLog.csproj", "{88F90B9F-2CCF-41B5-B635-73D1C0F97FF1}"
EndProject
Global
	GlobalSection(SolutionConfigurationPlatforms) = preSolution
		Debug|Any CPU = Debug|Any CPU
		Release|Any CPU = Release|Any CPU
	EndGlobalSection
	GlobalSection(ProjectConfigurationPlatforms) = postSolution
		{88F90B9F-2CCF-41B5-B635-73D1C0F97FF1}.Debug|Any CPU.ActiveCfg = Debug|Any CPU
		{88F90B9F-2CCF-41B5-B635-73D1C0F97FF1}.Debug|Any CPU.Build.0 = Debug|Any CPU
		{88F90B9F-2CCF-41B5-B635-73D1C0F97FF1}.Release|Any CPU.ActiveCfg = Release|Any CPU
		{88F90B9F-2CCF-41B5-B635-73D1C0F97FF1}.Release|Any CPU.Build.0 = Release|Any CPU
	EndGlobalSection
	GlobalSection(SolutionProperties) = preSolution
		HideSolutionNode = FALSE
	EndGlobalSection
	GlobalSection(ExtensibilityGlobals) = postSolution
		SolutionGuid = {9A9ACD67-3747-4A15-AB52-FC7C4D07869D}
	EndGlobalSection
EndGlobal
